
Microsoft Visual Studio Solution File, Format Version 10.00
# Visual Studio 2008
Project("{8BC9CEB8-8B4A-11D0-8D11-00A0C91BC942}") = "JMsg", "JMsg.vcproj", "{50B9ABA2-0C6A-4461-85C8-CE6DF8DCEBBE}"
EndProject
Global
	GlobalSection(SolutionConfigurationPlatforms) = preSolution
		Debug|Win32 = Debug|Win32
		Release|Win32 = Release|Win32
	EndGlobalSection
	GlobalSection(ProjectConfigurationPlatforms) = postSolution
		{50B9ABA2-0C6A-4461-85C8-CE6DF8DCEBBE}.Debug|Win32.ActiveCfg = Debug|Win32
		{50B9ABA2-0C6A-4461-85C8-CE6DF8DCEBBE}.Debug|Win32.Build.0 = Debug|Win32
		{50B9ABA2-0C6A-4461-85C8-CE6DF8DCEBBE}.Release|Win32.ActiveCfg = Release|Win32
		{50B9ABA2-0C6A-4461-85C8-CE6DF8DCEBBE}.Release|Win32.Build.0 = Release|Win32
	EndGlobalSection
	GlobalSection(SolutionProperties) = preSolution
		HideSolutionNode = FALSE
	EndGlobalSection
EndGlobal
